
Microsoft Visual Studio Solution File, Format Version 12.00
# Visual Studio Version 17
VisualStudioVersion = 17.5.002.0
MinimumVisualStudioVersion = 10.0.40219.1
Project("{9A19103F-16F7-4668-BE54-9A1E7A4F7556}") = "BackQuero", "BackQuero\BackQuero.csproj", "{AB4312A9-AE6D-4326-B54F-115284B98597}"
EndProject
Global
	GlobalSection(SolutionConfigurationPlatforms) = preSolution
		Debug|Any CPU = Debug|Any CPU
		Release|Any CPU = Release|Any CPU
	EndGlobalSection
	GlobalSection(ProjectConfigurationPlatforms) = postSolution
		{AB4312A9-AE6D-4326-B54F-115284B98597}.Debug|Any CPU.ActiveCfg = Debug|Any CPU
		{AB4312A9-AE6D-4326-B54F-115284B98597}.Debug|Any CPU.Build.0 = Debug|Any CPU
		{AB4312A9-AE6D-4326-B54F-115284B98597}.Release|Any CPU.ActiveCfg = Release|Any CPU
		{AB4312A9-AE6D-4326-B54F-115284B98597}.Release|Any CPU.Build.0 = Release|Any CPU
	EndGlobalSection
	GlobalSection(SolutionProperties) = preSolution
		HideSolutionNode = FALSE
	EndGlobalSection
	GlobalSection(ExtensibilityGlobals) = postSolution
		SolutionGuid = {CE6A389E-4DD7-4BCF-90AA-1AE7D0E4C2AB}
	EndGlobalSection
EndGlobal
